
Microsoft Visual Studio Solution File, Format Version 12.00
# Visual Studio Version 17
VisualStudioVersion = 17.14.36414.22 d17.14
MinimumVisualStudioVersion = 10.0.40219.1
Project("{FAE04EC0-301F-11D3-BF4B-00C04F79EFBC}") = "pryGiovannettiSP4", "pryGiovannettiSP4\pryGiovannettiSP4.csproj", "{0AE0A953-FC21-465F-AEBA-8810661BCA00}"
EndProject
Global
	GlobalSection(SolutionConfigurationPlatforms) = preSolution
		Debug|Any CPU = Debug|Any CPU
		Release|Any CPU = Release|Any CPU
	EndGlobalSection
	GlobalSection(ProjectConfigurationPlatforms) = postSolution
		{0AE0A953-FC21-465F-AEBA-8810661BCA00}.Debug|Any CPU.ActiveCfg = Debug|Any CPU
		{0AE0A953-FC21-465F-AEBA-8810661BCA00}.Debug|Any CPU.Build.0 = Debug|Any CPU
		{0AE0A953-FC21-465F-AEBA-8810661BCA00}.Release|Any CPU.ActiveCfg = Release|Any CPU
		{0AE0A953-FC21-465F-AEBA-8810661BCA00}.Release|Any CPU.Build.0 = Release|Any CPU
	EndGlobalSection
	GlobalSection(SolutionProperties) = preSolution
		HideSolutionNode = FALSE
	EndGlobalSection
	GlobalSection(ExtensibilityGlobals) = postSolution
		SolutionGuid = {24466125-ACD9-4264-B41C-7A10E2651CE8}
	EndGlobalSection
EndGlobal
